
Microsoft Visual Studio Solution File, Format Version 12.00
# Visual Studio Version 16
VisualStudioVersion = 16.0.30104.148
MinimumVisualStudioVersion = 10.0.40219.1
Project("{FAE04EC0-301F-11D3-BF4B-00C04F79EFBC}") = "Mechanionjoin", "Mechanionjoin.csproj", "{43224866-057E-4522-87A4-BB9C93C007DA}"
EndProject
Global
	GlobalSection(SolutionConfigurationPlatforms) = preSolution
		Debug|Any CPU = Debug|Any CPU
		Release|Any CPU = Release|Any CPU
	EndGlobalSection
	GlobalSection(ProjectConfigurationPlatforms) = postSolution
		{43224866-057E-4522-87A4-BB9C93C007DA}.Debug|Any CPU.ActiveCfg = Debug|Any CPU
		{43224866-057E-4522-87A4-BB9C93C007DA}.Debug|Any CPU.Build.0 = Debug|Any CPU
		{43224866-057E-4522-87A4-BB9C93C007DA}.Release|Any CPU.ActiveCfg = Release|Any CPU
		{43224866-057E-4522-87A4-BB9C93C007DA}.Release|Any CPU.Build.0 = Release|Any CPU
	EndGlobalSection
	GlobalSection(SolutionProperties) = preSolution
		HideSolutionNode = FALSE
	EndGlobalSection
	GlobalSection(ExtensibilityGlobals) = postSolution
		SolutionGuid = {FFDE3CD3-B378-4682-88E1-F5D765DEA37F}
	EndGlobalSection
EndGlobal
